{
  "deps": {
    "aura": {
      "artifact": "aura-v3.559.0.tar.gz",
      "artifact_sha256": "sha256:27c43b564d28b7b14a67e36a4801f995ed1848dfbf8daf52f37d2c013c323ddf",
      "channel": "stable",
      "git_sha": "815cbc2f0d421349ec3e74f591119e0a8cdc01a1",
      "release_json_sha256": "sha256:cabff7c0a4decb0d55b223f96f462b6223a6af58734fdcd4e3294ea5e66ce4be",
      "release_tag": "v3.559.0",
      "release_url": "https://github.com/rhohn94/design-language/releases/tag/v3.559.0",
      "signature_verified": "unsigned",
      "synced_at": "2026-07-17T15:41:03Z",
      "tree_manifest": {
        "css/tokens.css": "261ec0c303d9aeb00d578485f1caff322ecd3e98db02a19ae3a9236fe8da92f2",
        "dist/aura-tokens-meta.json": "908cbcc393fbaa40a3fb3dd28ef53f175252b4b12961f8831055298605832016"
      },
      "tree_sha256": "sha256:2efd284334884dec6025ec78428add492e8a1d99f377d4345a4d5a0720a3174e",
      "version": "3.559.0"
    }
  },
  "schema_version": 1
}
